
Microsoft Visual Studio Solution File, Format Version 12.00
# Visual Studio Version 16
VisualStudioVersion = 16.0.33927.289
MinimumVisualStudioVersion = 10.0.40219.1
Project("{2150E333-8FDC-42A3-9474-1A3956D46DE8}") = "Task0", "Task0", "{90CEF3CF-A6D4-4481-B6EB-082925718FBD}"
EndProject
Project("{FAE04EC0-301F-11D3-BF4B-00C04F79EFBC}") = "Tyuiu.GrigorjanAM.Sprint2.Task0.V18", "Tyuiu.GrigorjanAM.Sprint2.Task0.V18\Tyuiu.GrigorjanAM.Sprint2.Task0.V18.csproj", "{6217DA75-A01C-454C-9A78-B069D6404459}"
EndProject
Project("{FAE04EC0-301F-11D3-BF4B-00C04F79EFBC}") = "Tyuiu.GrigorjanAM.Sprint2.Task0.V18.Lib", "Tyuiu.GrigorjanAM.Sprint2.Task0.V18.Lib\Tyuiu.GrigorjanAM.Sprint2.Task0.V18.Lib.csproj", "{F2D188A1-180D-4857-ACD5-8ADEA82A5E06}"
EndProject
Project("{FAE04EC0-301F-11D3-BF4B-00C04F79EFBC}") = "Tyuiu.GrigorjanAM.Sprint2.Task0.V18.Test", "Tyuiu.GrigorjanAM.Sprint2.Task0.V18.Test\Tyuiu.GrigorjanAM.Sprint2.Task0.V18.Test.csproj", "{047D6822-6EA9-430F-9F60-BA3EA988456E}"
EndProject
Project("{2150E333-8FDC-42A3-9474-1A3956D46DE8}") = "Task1", "Task1", "{61DBEE6C-AF7E-4C7D-9336-545C1CA0A124}"
EndProject
Project("{FAE04EC0-301F-11D3-BF4B-00C04F79EFBC}") = "Tyuiu.GrigorjanAM.Sprint2.Task1.V17", "Tyuiu.GrigorjanAM.Sprint2.Task1.V17\Tyuiu.GrigorjanAM.Sprint2.Task1.V17.csproj", "{37A1E385-1EEE-4250-B7A2-82394768C28C}"
EndProject
Project("{FAE04EC0-301F-11D3-BF4B-00C04F79EFBC}") = "Tyuiu.GrigorjanAM.Sprint2.Task1.V17.Test", "Tyuiu.GrigorjanAM.Sprint2.Task1.V17.Test\Tyuiu.GrigorjanAM.Sprint2.Task1.V17.Test.csproj", "{4993342D-F11D-4BBC-9BF3-B0C02C11AAB2}"
EndProject
Project("{FAE04EC0-301F-11D3-BF4B-00C04F79EFBC}") = "Tyuiu.GrigorjanAM.Sprint2.Task1.V17.Lib", "Tyuiu.GrigorjanAM.Sprint2.Task1.V17.Lib\Tyuiu.GrigorjanAM.Sprint2.Task1.V17.Lib.csproj", "{ACE74E14-9109-4E5A-A9FA-A6BE8C345776}"
EndProject
Project("{2150E333-8FDC-42A3-9474-1A3956D46DE8}") = "Task2", "Task2", "{7FB80337-5176-4F6B-BECE-D0F3F8976CB7}"
EndProject
Project("{FAE04EC0-301F-11D3-BF4B-00C04F79EFBC}") = "Tyuiu.GrigorjanAM.Sprint2.Task2.V14", "Tyuiu.GrigorjanAM.Sprint2.Task2.V14\Tyuiu.GrigorjanAM.Sprint2.Task2.V14.csproj", "{E177C5C8-6789-46B5-BC5F-669C8D04E301}"
EndProject
Project("{FAE04EC0-301F-11D3-BF4B-00C04F79EFBC}") = "Tyuiu.GrigorjanAM.Sprint2.Task2.V14.Lib", "Tyuiu.GrigorjanAM.Sprint2.Task2.V14.Lib\Tyuiu.GrigorjanAM.Sprint2.Task2.V14.Lib.csproj", "{F9C1F74F-E209-4226-A3B2-814F6E9DB0A7}"
EndProject
Project("{FAE04EC0-301F-11D3-BF4B-00C04F79EFBC}") = "Tyuiu.GrigorjanAM.Sprint2.Task2.V14.Test", "Tyuiu.GrigorjanAM.Sprint2.Task2.V14.Test\Tyuiu.GrigorjanAM.Sprint2.Task2.V14.Test.csproj", "{E80454A2-096D-4915-8A6A-FB44E3035514}"
EndProject
Project("{2150E333-8FDC-42A3-9474-1A3956D46DE8}") = "Task3", "Task3", "{20DAB95F-E632-4009-B2E3-517062FD9980}"
EndProject
Project("{FAE04EC0-301F-11D3-BF4B-00C04F79EFBC}") = "Tyuiu.GrigorjanAM.Sprint2.Task3.V14", "Tyuiu.GrigorjanAM.Sprint2.Task3.V14\Tyuiu.GrigorjanAM.Sprint2.Task3.V14.csproj", "{F035BA4C-E602-4BE5-9980-DCFEDA6251B6}"
EndProject
Project("{FAE04EC0-301F-11D3-BF4B-00C04F79EFBC}") = "Tyuiu.GrigorjanAM.Sprint2.Task3.V14.Test", "Tyuiu.GrigorjanAM.Sprint2.Task3.V14.Test\Tyuiu.GrigorjanAM.Sprint2.Task3.V14.Test.csproj", "{E76C849D-1185-4239-B073-A753CE02BF75}"
EndProject
Project("{FAE04EC0-301F-11D3-BF4B-00C04F79EFBC}") = "Tyuiu.GrigorjanAM.Sprint2.Task3.V14.Lib", "Tyuiu.GrigorjanAM.Sprint2.Task3.V14.Lib\Tyuiu.GrigorjanAM.Sprint2.Task3.V14.Lib.csproj", "{2158976C-CC97-4084-B760-E030D76D3224}"
EndProject
Project("{2150E333-8FDC-42A3-9474-1A3956D46DE8}") = "Task4", "Task4", "{A5DAE761-8A53-4B33-8338-2B3C19626ADF}"
EndProject
Project("{FAE04EC0-301F-11D3-BF4B-00C04F79EFBC}") = "Tyuiu.GrigorjanAM.Sprint2.Task4.V13", "Tyuiu.GrigorjanAM.Sprint2.Task4.V13\Tyuiu.GrigorjanAM.Sprint2.Task4.V13.csproj", "{206D3DEE-DBB6-460F-A7D1-B59E23086C0D}"
EndProject
Project("{FAE04EC0-301F-11D3-BF4B-00C04F79EFBC}") = "Tyuiu.GrigorjanAM.Sprint2.Task4.V13.Lib", "Tyuiu.GrigorjanAM.Sprint2.Task4.V13.Lib\Tyuiu.GrigorjanAM.Sprint2.Task4.V13.Lib.csproj", "{F2C69366-201D-43A7-A104-5918827701D3}"
EndProject
Project("{FAE04EC0-301F-11D3-BF4B-00C04F79EFBC}") = "Tyuiu.GrigorjanAM.Sprint2.Task4.V13.Test", "Tyuiu.GrigorjanAM.Sprint2.Task4.V13.Test\Tyuiu.GrigorjanAM.Sprint2.Task4.V13.Test.csproj", "{80D5AB2E-B9A7-4FD1-BDCC-CF1A46FC529D}"
EndProject
Project("{2150E333-8FDC-42A3-9474-1A3956D46DE8}") = "Task5", "Task5", "{73A7A8F3-3DBF-469D-9FE8-ACD9B2C42536}"
EndProject
Project("{FAE04EC0-301F-11D3-BF4B-00C04F79EFBC}") = "Tyuiu.GrigorjanAM.Sprint2.Task5.V5", "Tyuiu.GrigorjanAM.Sprint2.Task5.V5\Tyuiu.GrigorjanAM.Sprint2.Task5.V5.csproj", "{CC2983D6-C035-45A0-8049-A9E17F47FDF7}"
EndProject
Project("{FAE04EC0-301F-11D3-BF4B-00C04F79EFBC}") = "Tyuiu.GrigorjanAM.Sprint2.Task5.V5.Lib", "Tyuiu.GrigorjanAM.Sprint2.Task5.V5.Lib\Tyuiu.GrigorjanAM.Sprint2.Task5.V5.Lib.csproj", "{2A01AE64-2489-4879-9DFF-951F6C733E9D}"
EndProject
Project("{FAE04EC0-301F-11D3-BF4B-00C04F79EFBC}") = "Tyuiu.GrigorjanAM.Sprint2.Task5.V5.Test", "Tyuiu.GrigorjanAM.Sprint2.Task5.V5.Test\Tyuiu.GrigorjanAM.Sprint2.Task5.V5.Test.csproj", "{669CB430-C117-4724-B72E-C5E185C103FD}"
EndProject
Global
	GlobalSection(SolutionConfigurationPlatforms) = preSolution
		Debug|Any CPU = Debug|Any CPU
		Release|Any CPU = Release|Any CPU
	EndGlobalSection
	GlobalSection(ProjectConfigurationPlatforms) = postSolution
		{6217DA75-A01C-454C-9A78-B069D6404459}.Debug|Any CPU.ActiveCfg = Debug|Any CPU
		{6217DA75-A01C-454C-9A78-B069D6404459}.Debug|Any CPU.Build.0 = Debug|Any CPU
		{6217DA75-A01C-454C-9A78-B069D6404459}.Release|Any CPU.ActiveCfg = Release|Any CPU
		{6217DA75-A01C-454C-9A78-B069D6404459}.Release|Any CPU.Build.0 = Release|Any CPU
		{F2D188A1-180D-4857-ACD5-8ADEA82A5E06}.Debug|Any CPU.ActiveCfg = Debug|Any CPU
		{F2D188A1-180D-4857-ACD5-8ADEA82A5E06}.Debug|Any CPU.Build.0 = Debug|Any CPU
		{F2D188A1-180D-4857-ACD5-8ADEA82A5E06}.Release|Any CPU.ActiveCfg = Release|Any CPU
		{F2D188A1-180D-4857-ACD5-8ADEA82A5E06}.Release|Any CPU.Build.0 = Release|Any CPU
		{047D6822-6EA9-430F-9F60-BA3EA988456E}.Debug|Any CPU.ActiveCfg = Debug|Any CPU
		{047D6822-6EA9-430F-9F60-BA3EA988456E}.Debug|Any CPU.Build.0 = Debug|Any CPU
		{047D6822-6EA9-430F-9F60-BA3EA988456E}.Release|Any CPU.ActiveCfg = Release|Any CPU
		{047D6822-6EA9-430F-9F60-BA3EA988456E}.Release|Any CPU.Build.0 = Release|Any CPU
		{37A1E385-1EEE-4250-B7A2-82394768C28C}.Debug|Any CPU.ActiveCfg = Debug|Any CPU
		{37A1E385-1EEE-4250-B7A2-82394768C28C}.Debug|Any CPU.Build.0 = Debug|Any CPU
		{37A1E385-1EEE-4250-B7A2-82394768C28C}.Release|Any CPU.ActiveCfg = Release|Any CPU
		{37A1E385-1EEE-4250-B7A2-82394768C28C}.Release|Any CPU.Build.0 = Release|Any CPU
		{4993342D-F11D-4BBC-9BF3-B0C02C11AAB2}.Debug|Any CPU.ActiveCfg = Debug|Any CPU
		{4993342D-F11D-4BBC-9BF3-B0C02C11AAB2}.Debug|Any CPU.Build.0 = Debug|Any CPU
		{4993342D-F11D-4BBC-9BF3-B0C02C11AAB2}.Release|Any CPU.ActiveCfg = Release|Any CPU
		{4993342D-F11D-4BBC-9BF3-B0C02C11AAB2}.Release|Any CPU.Build.0 = Release|Any CPU
		{ACE74E14-9109-4E5A-A9FA-A6BE8C345776}.Debug|Any CPU.ActiveCfg = Debug|Any CPU
		{ACE74E14-9109-4E5A-A9FA-A6BE8C345776}.Debug|Any CPU.Build.0 = Debug|Any CPU
		{ACE74E14-9109-4E5A-A9FA-A6BE8C345776}.Release|Any CPU.ActiveCfg = Release|Any CPU
		{ACE74E14-9109-4E5A-A9FA-A6BE8C345776}.Release|Any CPU.Build.0 = Release|Any CPU
		{E177C5C8-6789-46B5-BC5F-669C8D04E301}.Debug|Any CPU.ActiveCfg = Debug|Any CPU
		{E177C5C8-6789-46B5-BC5F-669C8D04E301}.Debug|Any CPU.Build.0 = Debug|Any CPU
		{E177C5C8-6789-46B5-BC5F-669C8D04E301}.Release|Any CPU.ActiveCfg = Release|Any CPU
		{E177C5C8-6789-46B5-BC5F-669C8D04E301}.Release|Any CPU.Build.0 = Release|Any CPU
		{F9C1F74F-E209-4226-A3B2-814F6E9DB0A7}.Debug|Any CPU.ActiveCfg = Debug|Any CPU
		{F9C1F74F-E209-4226-A3B2-814F6E9DB0A7}.Debug|Any CPU.Build.0 = Debug|Any CPU
		{F9C1F74F-E209-4226-A3B2-814F6E9DB0A7}.Release|Any CPU.ActiveCfg = Release|Any CPU
		{F9C1F74F-E209-4226-A3B2-814F6E9DB0A7}.Release|Any CPU.Build.0 = Release|Any CPU
		{E80454A2-096D-4915-8A6A-FB44E3035514}.Debug|Any CPU.ActiveCfg = Debug|Any CPU
		{E80454A2-096D-4915-8A6A-FB44E3035514}.Debug|Any CPU.Build.0 = Debug|Any CPU
		{E80454A2-096D-4915-8A6A-FB44E3035514}.Release|Any CPU.ActiveCfg = Release|Any CPU
		{E80454A2-096D-4915-8A6A-FB44E3035514}.Release|Any CPU.Build.0 = Release|Any CPU
		{F035BA4C-E602-4BE5-9980-DCFEDA6251B6}.Debug|Any CPU.ActiveCfg = Debug|Any CPU
		{F035BA4C-E602-4BE5-9980-DCFEDA6251B6}.Debug|Any CPU.Build.0 = Debug|Any CPU
		{F035BA4C-E602-4BE5-9980-DCFEDA6251B6}.Release|Any CPU.ActiveCfg = Release|Any CPU
		{F035BA4C-E602-4BE5-9980-DCFEDA6251B6}.Release|Any CPU.Build.0 = Release|Any CPU
		{E76C849D-1185-4239-B073-A753CE02BF75}.Debug|Any CPU.ActiveCfg = Debug|Any CPU
		{E76C849D-1185-4239-B073-A753CE02BF75}.Debug|Any CPU.Build.0 = Debug|Any CPU
		{E76C849D-1185-4239-B073-A753CE02BF75}.Release|Any CPU.ActiveCfg = Release|Any CPU
		{E76C849D-1185-4239-B073-A753CE02BF75}.Release|Any CPU.Build.0 = Release|Any CPU
		{2158976C-CC97-4084-B760-E030D76D3224}.Debug|Any CPU.ActiveCfg = Debug|Any CPU
		{2158976C-CC97-4084-B760-E030D76D3224}.Debug|Any CPU.Build.0 = Debug|Any CPU
		{2158976C-CC97-4084-B760-E030D76D3224}.Release|Any CPU.ActiveCfg = Release|Any CPU
		{2158976C-CC97-4084-B760-E030D76D3224}.Release|Any CPU.Build.0 = Release|Any CPU
		{206D3DEE-DBB6-460F-A7D1-B59E23086C0D}.Debug|Any CPU.ActiveCfg = Debug|Any CPU
		{206D3DEE-DBB6-460F-A7D1-B59E23086C0D}.Debug|Any CPU.Build.0 = Debug|Any CPU
		{206D3DEE-DBB6-460F-A7D1-B59E23086C0D}.Release|Any CPU.ActiveCfg = Release|Any CPU
		{206D3DEE-DBB6-460F-A7D1-B59E23086C0D}.Release|Any CPU.Build.0 = Release|Any CPU
		{F2C69366-201D-43A7-A104-5918827701D3}.Debug|Any CPU.ActiveCfg = Debug|Any CPU
		{F2C69366-201D-43A7-A104-5918827701D3}.Debug|Any CPU.Build.0 = Debug|Any CPU
		{F2C69366-201D-43A7-A104-5918827701D3}.Release|Any CPU.ActiveCfg = Release|Any CPU
		{F2C69366-201D-43A7-A104-5918827701D3}.Release|Any CPU.Build.0 = Release|Any CPU
		{80D5AB2E-B9A7-4FD1-BDCC-CF1A46FC529D}.Debug|Any CPU.ActiveCfg = Debug|Any CPU
		{80D5AB2E-B9A7-4FD1-BDCC-CF1A46FC529D}.Debug|Any CPU.Build.0 = Debug|Any CPU
		{80D5AB2E-B9A7-4FD1-BDCC-CF1A46FC529D}.Release|Any CPU.ActiveCfg = Release|Any CPU
		{80D5AB2E-B9A7-4FD1-BDCC-CF1A46FC529D}.Release|Any CPU.Build.0 = Release|Any CPU
		{CC2983D6-C035-45A0-8049-A9E17F47FDF7}.Debug|Any CPU.ActiveCfg = Debug|Any CPU
		{CC2983D6-C035-45A0-8049-A9E17F47FDF7}.Debug|Any CPU.Build.0 = Debug|Any CPU
		{CC2983D6-C035-45A0-8049-A9E17F47FDF7}.Release|Any CPU.ActiveCfg = Release|Any CPU
		{CC2983D6-C035-45A0-8049-A9E17F47FDF7}.Release|Any CPU.Build.0 = Release|Any CPU
		{2A01AE64-2489-4879-9DFF-951F6C733E9D}.Debug|Any CPU.ActiveCfg = Debug|Any CPU
		{2A01AE64-2489-4879-9DFF-951F6C733E9D}.Debug|Any CPU.Build.0 = Debug|Any CPU
		{2A01AE64-2489-4879-9DFF-951F6C733E9D}.Release|Any CPU.ActiveCfg = Release|Any CPU
		{2A01AE64-2489-4879-9DFF-951F6C733E9D}.Release|Any CPU.Build.0 = Release|Any CPU
		{669CB430-C117-4724-B72E-C5E185C103FD}.Debug|Any CPU.ActiveCfg = Debug|Any CPU
		{669CB430-C117-4724-B72E-C5E185C103FD}.Debug|Any CPU.Build.0 = Debug|Any CPU
		{669CB430-C117-4724-B72E-C5E185C103FD}.Release|Any CPU.ActiveCfg = Release|Any CPU
		{669CB430-C117-4724-B72E-C5E185C103FD}.Release|Any CPU.Build.0 = Release|Any CPU
	EndGlobalSection
	GlobalSection(SolutionProperties) = preSolution
		HideSolutionNode = FALSE
	EndGlobalSection
	GlobalSection(NestedProjects) = preSolution
		{6217DA75-A01C-454C-9A78-B069D6404459} = {90CEF3CF-A6D4-4481-B6EB-082925718FBD}
		{F2D188A1-180D-4857-ACD5-8ADEA82A5E06} = {90CEF3CF-A6D4-4481-B6EB-082925718FBD}
		{047D6822-6EA9-430F-9F60-BA3EA988456E} = {90CEF3CF-A6D4-4481-B6EB-082925718FBD}
		{37A1E385-1EEE-4250-B7A2-82394768C28C} = {61DBEE6C-AF7E-4C7D-9336-545C1CA0A124}
		{4993342D-F11D-4BBC-9BF3-B0C02C11AAB2} = {61DBEE6C-AF7E-4C7D-9336-545C1CA0A124}
		{ACE74E14-9109-4E5A-A9FA-A6BE8C345776} = {61DBEE6C-AF7E-4C7D-9336-545C1CA0A124}
		{E177C5C8-6789-46B5-BC5F-669C8D04E301} = {7FB80337-5176-4F6B-BECE-D0F3F8976CB7}
		{F9C1F74F-E209-4226-A3B2-814F6E9DB0A7} = {7FB80337-5176-4F6B-BECE-D0F3F8976CB7}
		{E80454A2-096D-4915-8A6A-FB44E3035514} = {7FB80337-5176-4F6B-BECE-D0F3F8976CB7}
		{F035BA4C-E602-4BE5-9980-DCFEDA6251B6} = {20DAB95F-E632-4009-B2E3-517062FD9980}
		{E76C849D-1185-4239-B073-A753CE02BF75} = {20DAB95F-E632-4009-B2E3-517062FD9980}
		{2158976C-CC97-4084-B760-E030D76D3224} = {20DAB95F-E632-4009-B2E3-517062FD9980}
		{206D3DEE-DBB6-460F-A7D1-B59E23086C0D} = {A5DAE761-8A53-4B33-8338-2B3C19626ADF}
		{F2C69366-201D-43A7-A104-5918827701D3} = {A5DAE761-8A53-4B33-8338-2B3C19626ADF}
		{80D5AB2E-B9A7-4FD1-BDCC-CF1A46FC529D} = {A5DAE761-8A53-4B33-8338-2B3C19626ADF}
		{CC2983D6-C035-45A0-8049-A9E17F47FDF7} = {73A7A8F3-3DBF-469D-9FE8-ACD9B2C42536}
		{2A01AE64-2489-4879-9DFF-951F6C733E9D} = {73A7A8F3-3DBF-469D-9FE8-ACD9B2C42536}
		{669CB430-C117-4724-B72E-C5E185C103FD} = {73A7A8F3-3DBF-469D-9FE8-ACD9B2C42536}
	EndGlobalSection
	GlobalSection(ExtensibilityGlobals) = postSolution
		SolutionGuid = {21F6300F-A025-4AAA-81AF-8F94BD2C4C49}
	EndGlobalSection
EndGlobal
